
Microsoft Visual Studio Solution File, Format Version 12.00
# Visual Studio Version 17
VisualStudioVersion = 17.5.33516.290
MinimumVisualStudioVersion = 10.0.40219.1
Project("{8BC9CEB8-8B4A-11D0-8D11-00A0C91BC942}") = "Initial", "Initial\Initial.vcxproj", "{36228748-0AC8-4306-B4A7-A15BE089ACE5}"
EndProject
Project("{8BC9CEB8-8B4A-11D0-8D11-00A0C91BC942}") = "cml", "cml\cml.vcxproj", "{C46B1C40-A38B-490F-973B-2EDD3DFE1B18}"
EndProject
Project("{8BC9CEB8-8B4A-11D0-8D11-00A0C91BC942}") = "dpl", "dpl\dpl.vcxproj", "{6F6EBF4B-F531-408E-8C91-4BECE3D1C58D}"
EndProject
Project("{8BC9CEB8-8B4A-11D0-8D11-00A0C91BC942}") = "glw", "glw\glw.vcxproj", "{EFBFCF7C-57E8-48F2-9953-13784339F1B0}"
EndProject
Project("{8BC9CEB8-8B4A-11D0-8D11-00A0C91BC942}") = "fqs", "fqs\fqs.vcxproj", "{5F65AF48-606A-414D-AC71-9793959BF918}"
EndProject
Project("{8BC9CEB8-8B4A-11D0-8D11-00A0C91BC942}") = "upf", "upf\upf.vcxproj", "{A9911573-3530-4144-96D1-9D8D20BC85E0}"
EndProject
Project("{2150E333-8FDC-42A3-9474-1A3956D46DE8}") = "Screenshots", "Screenshots", "{16C9D105-281F-4055-A950-18FF6BD13336}"
	ProjectSection(SolutionItems) = preProject
		screenshots\116871472_3288611004697676_9007039813886198686_n.png = screenshots\116871472_3288611004697676_9007039813886198686_n.png
		screenshots\117226474_2353607814933515_4219376517237969763_n.png = screenshots\117226474_2353607814933515_4219376517237969763_n.png
		screenshots\176331382_795828814372369_4638019246418225639_n.png = screenshots\176331382_795828814372369_4638019246418225639_n.png
		screenshots\181130158_466246077941064_875827786525506402_n.png = screenshots\181130158_466246077941064_875827786525506402_n.png
		screenshots\181763776_476576636940027_5084855227662565710_n.png = screenshots\181763776_476576636940027_5084855227662565710_n.png
		screenshots\181907336_485698749369815_6996424615374334703_n.png = screenshots\181907336_485698749369815_6996424615374334703_n.png
		screenshots\182143502_195541102259707_3113040231396161026_n.png = screenshots\182143502_195541102259707_3113040231396161026_n.png
		screenshots\213241349_322257119441664_8733103524830260592_n.png = screenshots\213241349_322257119441664_8733103524830260592_n.png
		screenshots\213757526_981622309292695_8382961277846499030_n.png = screenshots\213757526_981622309292695_8382961277846499030_n.png
		screenshots\217773401_411157853513005_9017165889949830276_n.png = screenshots\217773401_411157853513005_9017165889949830276_n.png
		screenshots\218734883_518912392554854_6084138226331351483_n.png = screenshots\218734883_518912392554854_6084138226331351483_n.png
		screenshots\223010550_1170962136739081_3767907378356878290_n.png = screenshots\223010550_1170962136739081_3767907378356878290_n.png
		screenshots\236322418_553589089171396_4372303421250915901_n.png = screenshots\236322418_553589089171396_4372303421250915901_n.png
		screenshots\236812903_847839662560298_5886096591643542221_n.png = screenshots\236812903_847839662560298_5886096591643542221_n.png
		screenshots\237799294_445047636542759_5371824451257969894_n.png = screenshots\237799294_445047636542759_5371824451257969894_n.png
		screenshots\239992296_363822922087784_7171208553484125524_n.png = screenshots\239992296_363822922087784_7171208553484125524_n.png
		screenshots\240108455_2732055000426433_6187758924324919937_n.png = screenshots\240108455_2732055000426433_6187758924324919937_n.png
		screenshots\243565114_2665346553767728_3849439877824352744_n.png = screenshots\243565114_2665346553767728_3849439877824352744_n.png
		screenshots\244344952_6289510704455873_2307084210053339142_n.png = screenshots\244344952_6289510704455873_2307084210053339142_n.png
		screenshots\244465754_931323754135185_229647256745222163_n.png = screenshots\244465754_931323754135185_229647256745222163_n.png
		screenshots\253830969_930618431145845_219635316741314955_n.png = screenshots\253830969_930618431145845_219635316741314955_n.png
		screenshots\254647425_652883589418900_4575195270890265712_n.png = screenshots\254647425_652883589418900_4575195270890265712_n.png
		screenshots\254717886_285916900085500_4983007779483659417_n.png = screenshots\254717886_285916900085500_4983007779483659417_n.png
		screenshots\262606949_1921225661397783_4292136086913857720_n.png = screenshots\262606949_1921225661397783_4292136086913857720_n.png
		screenshots\263050245_1008407173078627_3975837528872906329_n.png = screenshots\263050245_1008407173078627_3975837528872906329_n.png
		screenshots\263108759_203640228630573_390021006039107219_n.png = screenshots\263108759_203640228630573_390021006039107219_n.png
		screenshots\263177147_1314266882328652_5276675582062723744_n.png = screenshots\263177147_1314266882328652_5276675582062723744_n.png
		screenshots\264050143_3099277430360870_8842767080165720480_n.png = screenshots\264050143_3099277430360870_8842767080165720480_n.png
		screenshots\264400708_345704296888042_4133170667073980480_n.png = screenshots\264400708_345704296888042_4133170667073980480_n.png
		screenshots\264708508_627655368574778_1100246601253089497_n.png = screenshots\264708508_627655368574778_1100246601253089497_n.png
		screenshots\265796764_916303575920708_7722107253438174923_n.png = screenshots\265796764_916303575920708_7722107253438174923_n.png
		screenshots\277832191_1171146473636182_1311370380877953455_n.png = screenshots\277832191_1171146473636182_1311370380877953455_n.png
		screenshots\277847953_907561763421114_2045490548070465827_n.png = screenshots\277847953_907561763421114_2045490548070465827_n.png
		screenshots\277872558_298607072423931_4699344822835050430_n.png = screenshots\277872558_298607072423931_4699344822835050430_n.png
		screenshots\284727707_2240060442811921_4672854419567828157_n.png = screenshots\284727707_2240060442811921_4672854419567828157_n.png
		screenshots\35876908_2263741697188633_4910131742364401664_n.jpg = screenshots\35876908_2263741697188633_4910131742364401664_n.jpg
		screenshots\36188970_2269669879929148_3830057173770043392_n.jpg = screenshots\36188970_2269669879929148_3830057173770043392_n.jpg
		screenshots\36650559_2278558302373639_5917170207406686208_n.jpg = screenshots\36650559_2278558302373639_5917170207406686208_n.jpg
		screenshots\38657004_264578324138348_5228589836352356352_n.jpg = screenshots\38657004_264578324138348_5228589836352356352_n.jpg
		screenshots\42731804_1825848510817853_6515902641472536576_n.jpg = screenshots\42731804_1825848510817853_6515902641472536576_n.jpg
		screenshots\47684866_449639498901384_5261840863272632320_n.jpg = screenshots\47684866_449639498901384_5261840863272632320_n.jpg
		screenshots\48394264_565605980531973_3102346167430676480_n.jpg = screenshots\48394264_565605980531973_3102346167430676480_n.jpg
		screenshots\49097805_533731157147282_4820753266776211456_n.jpg = screenshots\49097805_533731157147282_4820753266776211456_n.jpg
		screenshots\49213384_565799633845215_1749203629765558272_n.jpg = screenshots\49213384_565799633845215_1749203629765558272_n.jpg
		screenshots\54211661_306528810010014_2596569427084312576_n.jpg = screenshots\54211661_306528810010014_2596569427084312576_n.jpg
		screenshots\55875523_613399359123794_9003413288314208256_n.jpg = screenshots\55875523_613399359123794_9003413288314208256_n.jpg
		screenshots\56457849_1755403321228546_1114298268168224768_n.jpg = screenshots\56457849_1755403321228546_1114298268168224768_n.jpg
		screenshots\68755993_438235476779137_8413776435340115968_n.jpg = screenshots\68755993_438235476779137_8413776435340115968_n.jpg
		screenshots\71829364_707063313102707_1161935507089784832_n.jpg = screenshots\71829364_707063313102707_1161935507089784832_n.jpg
		screenshots\72426714_664196010771960_252174851551264768_n.jpg = screenshots\72426714_664196010771960_252174851551264768_n.jpg
		screenshots\72482898_766919400417878_1407346042847887360_n.jpg = screenshots\72482898_766919400417878_1407346042847887360_n.jpg
		screenshots\93860345_2781304471991358_5606632350940135424_n.png = screenshots\93860345_2781304471991358_5606632350940135424_n.png
	EndProjectSection
EndProject
Project("{2150E333-8FDC-42A3-9474-1A3956D46DE8}") = "gamejam", "gamejam", "{47F9DA2C-CE68-46FD-8FCD-9D595BCDD6EB}"
EndProject
Global
	GlobalSection(SolutionConfigurationPlatforms) = preSolution
		Debug|x64 = Debug|x64
		Debug|x86 = Debug|x86
		Release|x64 = Release|x64
		Release|x86 = Release|x86
	EndGlobalSection
	GlobalSection(ProjectConfigurationPlatforms) = postSolution
		{36228748-0AC8-4306-B4A7-A15BE089ACE5}.Debug|x64.ActiveCfg = Debug|x64
		{36228748-0AC8-4306-B4A7-A15BE089ACE5}.Debug|x64.Build.0 = Debug|x64
		{36228748-0AC8-4306-B4A7-A15BE089ACE5}.Debug|x86.ActiveCfg = Debug|Win32
		{36228748-0AC8-4306-B4A7-A15BE089ACE5}.Debug|x86.Build.0 = Debug|Win32
		{36228748-0AC8-4306-B4A7-A15BE089ACE5}.Release|x64.ActiveCfg = Release|x64
		{36228748-0AC8-4306-B4A7-A15BE089ACE5}.Release|x64.Build.0 = Release|x64
		{36228748-0AC8-4306-B4A7-A15BE089ACE5}.Release|x86.ActiveCfg = Release|Win32
		{36228748-0AC8-4306-B4A7-A15BE089ACE5}.Release|x86.Build.0 = Release|Win32
		{C46B1C40-A38B-490F-973B-2EDD3DFE1B18}.Debug|x64.ActiveCfg = Debug|x64
		{C46B1C40-A38B-490F-973B-2EDD3DFE1B18}.Debug|x64.Build.0 = Debug|x64
		{C46B1C40-A38B-490F-973B-2EDD3DFE1B18}.Debug|x86.ActiveCfg = Debug|Win32
		{C46B1C40-A38B-490F-973B-2EDD3DFE1B18}.Debug|x86.Build.0 = Debug|Win32
		{C46B1C40-A38B-490F-973B-2EDD3DFE1B18}.Release|x64.ActiveCfg = Release|x64
		{C46B1C40-A38B-490F-973B-2EDD3DFE1B18}.Release|x64.Build.0 = Release|x64
		{C46B1C40-A38B-490F-973B-2EDD3DFE1B18}.Release|x86.ActiveCfg = Release|Win32
		{C46B1C40-A38B-490F-973B-2EDD3DFE1B18}.Release|x86.Build.0 = Release|Win32
		{6F6EBF4B-F531-408E-8C91-4BECE3D1C58D}.Debug|x64.ActiveCfg = Debug|x64
		{6F6EBF4B-F531-408E-8C91-4BECE3D1C58D}.Debug|x64.Build.0 = Debug|x64
		{6F6EBF4B-F531-408E-8C91-4BECE3D1C58D}.Debug|x86.ActiveCfg = Debug|Win32
		{6F6EBF4B-F531-408E-8C91-4BECE3D1C58D}.Debug|x86.Build.0 = Debug|Win32
		{6F6EBF4B-F531-408E-8C91-4BECE3D1C58D}.Release|x64.ActiveCfg = Release|x64
		{6F6EBF4B-F531-408E-8C91-4BECE3D1C58D}.Release|x64.Build.0 = Release|x64
		{6F6EBF4B-F531-408E-8C91-4BECE3D1C58D}.Release|x86.ActiveCfg = Release|Win32
		{6F6EBF4B-F531-408E-8C91-4BECE3D1C58D}.Release|x86.Build.0 = Release|Win32
		{EFBFCF7C-57E8-48F2-9953-13784339F1B0}.Debug|x64.ActiveCfg = Debug|x64
		{EFBFCF7C-57E8-48F2-9953-13784339F1B0}.Debug|x64.Build.0 = Debug|x64
		{EFBFCF7C-57E8-48F2-9953-13784339F1B0}.Debug|x86.ActiveCfg = Debug|Win32
		{EFBFCF7C-57E8-48F2-9953-13784339F1B0}.Debug|x86.Build.0 = Debug|Win32
		{EFBFCF7C-57E8-48F2-9953-13784339F1B0}.Release|x64.ActiveCfg = Release|x64
		{EFBFCF7C-57E8-48F2-9953-13784339F1B0}.Release|x64.Build.0 = Release|x64
		{EFBFCF7C-57E8-48F2-9953-13784339F1B0}.Release|x86.ActiveCfg = Release|Win32
		{EFBFCF7C-57E8-48F2-9953-13784339F1B0}.Release|x86.Build.0 = Release|Win32
		{5F65AF48-606A-414D-AC71-9793959BF918}.Debug|x64.ActiveCfg = Debug|x64
		{5F65AF48-606A-414D-AC71-9793959BF918}.Debug|x64.Build.0 = Debug|x64
		{5F65AF48-606A-414D-AC71-9793959BF918}.Debug|x86.ActiveCfg = Debug|Win32
		{5F65AF48-606A-414D-AC71-9793959BF918}.Debug|x86.Build.0 = Debug|Win32
		{5F65AF48-606A-414D-AC71-9793959BF918}.Release|x64.ActiveCfg = Release|x64
		{5F65AF48-606A-414D-AC71-9793959BF918}.Release|x64.Build.0 = Release|x64
		{5F65AF48-606A-414D-AC71-9793959BF918}.Release|x86.ActiveCfg = Release|Win32
		{5F65AF48-606A-414D-AC71-9793959BF918}.Release|x86.Build.0 = Release|Win32
		{A9911573-3530-4144-96D1-9D8D20BC85E0}.Debug|x64.ActiveCfg = Debug|x64
		{A9911573-3530-4144-96D1-9D8D20BC85E0}.Debug|x64.Build.0 = Debug|x64
		{A9911573-3530-4144-96D1-9D8D20BC85E0}.Debug|x86.ActiveCfg = Debug|Win32
		{A9911573-3530-4144-96D1-9D8D20BC85E0}.Debug|x86.Build.0 = Debug|Win32
		{A9911573-3530-4144-96D1-9D8D20BC85E0}.Release|x64.ActiveCfg = Release|x64
		{A9911573-3530-4144-96D1-9D8D20BC85E0}.Release|x64.Build.0 = Release|x64
		{A9911573-3530-4144-96D1-9D8D20BC85E0}.Release|x86.ActiveCfg = Release|Win32
		{A9911573-3530-4144-96D1-9D8D20BC85E0}.Release|x86.Build.0 = Release|Win32
	EndGlobalSection
	GlobalSection(SolutionProperties) = preSolution
		HideSolutionNode = FALSE
	EndGlobalSection
	GlobalSection(ExtensibilityGlobals) = postSolution
		SolutionGuid = {BA8F586C-C934-4A76-B29E-3E7CA86AEA9C}
	EndGlobalSection
EndGlobal
